// !$*UTF8*$!
{
	archiveVersion = 1;
	classes = {
	};
	objectVersion = 46;
	objects = {

/* Begin PBXBuildFile section */
		E51DE4B31B19E44700EE24D2 /* main.m in Sources */ = {isa = PBXBuildFile; fileRef = E51DE4B21B19E44700EE24D2 /* main.m */; };
		E51DE4B61B19E44700EE24D2 /* AppDelegate.m in Sources */ = {isa = PBXBuildFile; fileRef = E51DE4B51B19E44700EE24D2 /* AppDelegate.m */; };
		E51DE4B81B19E44700EE24D2 /* Images.xcassets in Resources */ = {isa = PBXBuildFile; fileRef = E51DE4B71B19E44700EE24D2 /* Images.xcassets */; };
		E51DE4BB1B19E44700EE24D2 /* LaunchScreen.xib in Resources */ = {isa = PBXBuildFile; fileRef = E51DE4B91B19E44700EE24D2 /* LaunchScreen.xib */; };
		E51DE4C71B19E44800EE24D2 /* Demo_TextKitPagingTests.m in Sources */ = {isa = PBXBuildFile; fileRef = E51DE4C61B19E44800EE24D2 /* Demo_TextKitPagingTests.m */; };
/* End PBXBuildFile section */

/* Begin PBXContainerItemProxy section */
		E51DE4C11B19E44700EE24D2 /* PBXContainerItemProxy */ = {
			isa = PBXContainerItemProxy;
			containerPortal = E51DE4A51B19E44700EE24D2 /* Project object */;
			proxyType = 1;
			remoteGlobalIDString = E51DE4AC1B19E44700EE24D2;
			remoteInfo = Demo_TextKitPaging;
		};
/* End PBXContainerItemProxy section */

/* Begin PBXFileReference section */
		E51DE4AD1B19E44700EE24D2 /* Demo_TextKitPaging.app */ = {isa = PBXFileReference; explicitFileType = wrapper.application; includeInIndex = 0; path = Demo_TextKitPaging.app; sourceTree = BUILT_PRODUCTS_DIR; };
		E51DE4B11B19E44700EE24D2 /* Info.plist */ = {isa = PBXFileReference; lastKnownFileType = text.plist.xml; path = Info.plist; sourceTree = "<group>"; };
		E51DE4B21B19E44700EE24D2 /* main.m */ = {isa = PBXFileReference; lastKnownFileType = sourcecode.c.objc; path = main.m; sourceTree = "<group>"; };
		E51DE4B41B19E44700EE24D2 /* AppDelegate.h */ = {isa = PBXFileReference; lastKnownFileType = sourcecode.c.h; path = AppDelegate.h; sourceTree = "<group>"; };
		E51DE4B51B19E44700EE24D2 /* AppDelegate.m */ = {isa = PBXFileReference; lastKnownFileType = sourcecode.c.objc; path = AppDelegate.m; sourceTree = "<group>"; };
		E51DE4B71B19E44700EE24D2 /* Images.xcassets */ = {isa = PBXFileReference; lastKnownFileType = folder.assetcatalog; path = Images.xcassets; sourceTree = "<group>"; };
		E51DE4BA1B19E44700EE24D2 /* Base */ = {isa = PBXFileReference; lastKnownFileType = file.xib; name = Base; path = Base.lproj/LaunchScreen.xib; sourceTree = "<group>"; };
		E51DE4C01B19E44700EE24D2 /* Demo_TextKitPagingTests.xctest */ = {isa = PBXFileReference; explicitFileType = wrapper.cfbundle; includeInIndex = 0; path = Demo_TextKitPagingTests.xctest; sourceTree = BUILT_PRODUCTS_DIR; };
		E51DE4C51B19E44800EE24D2 /* Info.plist */ = {isa = PBXFileReference; lastKnownFileType = text.plist.xml; path = Info.plist; sourceTree = "<group>"; };
		E51DE4C61B19E44800EE24D2 /* Demo_TextKitPagingTests.m */ = {isa = PBXFileReference; lastKnownFileType = sourcecode.c.objc; path = Demo_TextKitPagingTests.m; sourceTree = "<group>"; };
/* End PBXFileReference section */

/* Begin PBXFrameworksBuildPhase section */
		E51DE4AA1B19E44700EE24D2 /* Frameworks */ = {
			isa = PBXFrameworksBuildPhase;
			buildActionMask = 2147483647;
			files = (
			);
			runOnlyForDeploymentPostprocessing = 0;
		};
		E51DE4BD1B19E44700EE24D2 /* Frameworks */ = {
			isa = PBXFrameworksBuildPhase;
			buildActionMask = 2147483647;
			files = (
			);
			runOnlyForDeploymentPostprocessing = 0;
		};
/* End PBXFrameworksBuildPhase section */

/* Begin PBXGroup section */
		E51DE4A41B19E44700EE24D2 = {
			isa = PBXGroup;
			children = (
				E51DE4AF1B19E44700EE24D2 /* Demo_TextKitPaging */,
				E51DE4C31B19E44800EE24D2 /* Demo_TextKitPagingTests */,
				E51DE4AE1B19E44700EE24D2 /* Products */,
			);
			sourceTree = "<group>";
		};
		E51DE4AE1B19E44700EE24D2 /* Products */ = {
			isa = PBXGroup;
			children = (
				E51DE4AD1B19E44700EE24D2 /* Demo_TextKitPaging.app */,
				E51DE4C01B19E44700EE24D2 /* Demo_TextKitPagingTests.xctest */,
			);
			name = Products;
			sourceTree = "<group>";
		};
		E51DE4AF1B19E44700EE24D2 /* Demo_TextKitPaging */ = {
			isa = PBXGroup;
			children = (
				E51DE4B41B19E44700EE24D2 /* AppDelegate.h */,
				E51DE4B51B19E44700EE24D2 /* AppDelegate.m */,
				E51DE4B71B19E44700EE24D2 /* Images.xcassets */,
				E51DE4B91B19E44700EE24D2 /* LaunchScreen.xib */,
				E51DE4B01B19E44700EE24D2 /* Supporting Files */,
			);
			path = Demo_TextKitPaging;
			sourceTree = "<group>";
		};
		E51DE4B01B19E44700EE24D2 /* Supporting Files */ = {
			isa = PBXGroup;
			children = (
				E51DE4B11B19E44700EE24D2 /* Info.plist */,
				E51DE4B21B19E44700EE24D2 /* main.m */,
			);
			name = "Supporting Files";
			sourceTree = "<group>";
		};
		E51DE4C31B19E44800EE24D2 /* Demo_TextKitPagingTests */ = {
			isa = PBXGroup;
			children = (
				E51DE4C61B19E44800EE24D2 /* Demo_TextKitPagingTests.m */,
				E51DE4C41B19E44800EE24D2 /* Supporting Files */,
			);
			path = Demo_TextKitPagingTests;
			sourceTree = "<group>";
		};
		E51DE4C41B19E44800EE24D2 /* Supporting Files */ = {
			isa = PBXGroup;
			children = (
				E51DE4C51B19E44800EE24D2 /* Info.plist */,
			);
			name = "Supporting Files";
			sourceTree = "<group>";
		};
/* End PBXGroup section */

/* Begin PBXNativeTarget section */
		E51DE4AC1B19E44700EE24D2 /* Demo_TextKitPaging */ = {
			isa = PBXNativeTarget;
			buildConfigurationList = E51DE4CA1B19E44800EE24D2 /* Build configuration list for PBXNativeTarget "Demo_TextKitPaging" */;
			buildPhases = (
				E51DE4A91B19E44700EE24D2 /* Sources */,
				E51DE4AA1B19E44700EE24D2 /* Frameworks */,
				E51DE4AB1B19E44700EE24D2 /* Resources */,
			);
			buildRules = (
			);
			dependencies = (
			);
			name = Demo_TextKitPaging;
			productName = Demo_TextKitPaging;
			productReference = E51DE4AD1B19E44700EE24D2 /* Demo_TextKitPaging.app */;
			productType = "com.apple.product-type.application";
		};
		E51DE4BF1B19E44700EE24D2 /* Demo_TextKitPagingTests */ = {
			isa = PBXNativeTarget;
			buildConfigurationList = E51DE4CD1B19E44800EE24D2 /* Build configuration list for PBXNativeTarget "Demo_TextKitPagingTests" */;
			buildPhases = (
				E51DE4BC1B19E44700EE24D2 /* Sources */,
				E51DE4BD1B19E44700EE24D2 /* Frameworks */,
				E51DE4BE1B19E44700EE24D2 /* Resources */,
			);
			buildRules = (
			);
			dependencies = (
				E51DE4C21B19E44700EE24D2 /* PBXTargetDependency */,
			);
			name = Demo_TextKitPagingTests;
			productName = Demo_TextKitPagingTests;
			productReference = E51DE4C01B19E44700EE24D2 /* Demo_TextKitPagingTests.xctest */;
			productType = "com.apple.product-type.bundle.unit-test";
		};
/* End PBXNativeTarget section */

/* Begin PBXProject section */
		E51DE4A51B19E44700EE24D2 /* Project object */ = {
			isa = PBXProject;
			attributes = {
				LastUpgradeCheck = 0630;
				ORGANIZATIONNAME = Sumtice;
				TargetAttributes = {
					E51DE4AC1B19E44700EE24D2 = {
						CreatedOnToolsVersion = 6.3.2;
					};
					E51DE4BF1B19E44700EE24D2 = {
						CreatedOnToolsVersion = 6.3.2;
						TestTargetID = E51DE4AC1B19E44700EE24D2;
					};
				};
			};
			buildConfigurationList = E51DE4A81B19E44700EE24D2 /* Build configuration list for PBXProject "Demo_TextKitPaging" */;
			compatibilityVersion = "Xcode 3.2";
			developmentRegion = English;
			hasScannedForEncodings = 0;
			knownRegions = (
				en,
				Base,
			);
			mainGroup = E51DE4A41B19E44700EE24D2;
			productRefGroup = E51DE4AE1B19E44700EE24D2 /* Products */;
			projectDirPath = "";
			projectRoot = "";
			targets = (
				E51DE4AC1B19E44700EE24D2 /* Demo_TextKitPaging */,
				E51DE4BF1B19E44700EE24D2 /* Demo_TextKitPagingTests */,
			);
		};
/* End PBXProject section */

/* Begin PBXResourcesBuildPhase section */
		E51DE4AB1B19E44700EE24D2 /* Resources */ = {
			isa = PBXResourcesBuildPhase;
			buildActionMask = 2147483647;
			files = (
				E51DE4BB1B19E44700EE24D2 /* LaunchScreen.xib in Resources */,
				E51DE4B81B19E44700EE24D2 /* Images.xcassets in Resources */,
			);
			runOnlyForDeploymentPostprocessing = 0;
		};
		E51DE4BE1B19E44700EE24D2 /* Resources */ = {
			isa = PBXResourcesBuildPhase;
			buildActionMask = 2147483647;
			files = (
			);
			runOnlyForDeploymentPostprocessing = 0;
		};
/* End PBXResourcesBuildPhase section */

/* Begin PBXSourcesBuildPhase section */
		E51DE4A91B19E44700EE24D2 /* Sources */ = {
			isa = PBXSourcesBuildPhase;
			buildActionMask = 2147483647;
			files = (
				E51DE4B61B19E44700EE24D2 /* AppDelegate.m in Sources */,
				E51DE4B31B19E44700EE24D2 /* main.m in Sources */,
			);
			runOnlyForDeploymentPostprocessing = 0;
		};
		E51DE4BC1B19E44700EE24D2 /* Sources */ = {
			isa = PBXSourcesBuildPhase;
			buildActionMask = 2147483647;
			files = (
				E51DE4C71B19E44800EE24D2 /* Demo_TextKitPagingTests.m in Sources */,
			);
			runOnlyForDeploymentPostprocessing = 0;
		};
/* End PBXSourcesBuildPhase section */

/* Begin PBXTargetDependency section */
		E51DE4C21B19E44700EE24D2 /* PBXTargetDependency */ = {
			isa = PBXTargetDependency;
			target = E51DE4AC1B19E44700EE24D2 /* Demo_TextKitPaging */;
			targetProxy = E51DE4C11B19E44700EE24D2 /* PBXContainerItemProxy */;
		};
/* End PBXTargetDependency section */

/* Begin PBXVariantGroup section */
		E51DE4B91B19E44700EE24D2 /* LaunchScreen.xib */ = {
			isa = PBXVariantGroup;
			children = (
				E51DE4BA1B19E44700EE24D2 /* Base */,
			);
			name = LaunchScreen.xib;
			sourceTree = "<group>";
		};
/* End PBXVariantGroup section */

/* Begin XCBuildConfiguration section */
		E51DE4C81B19E44800EE24D2 /* Debug */ = {
			isa = XCBuildConfiguration;
			buildSettings = {
				ALWAYS_SEARCH_USER_PATHS = NO;
				CLANG_CXX_LANGUAGE_STANDARD = "gnu++0x";
				CLANG_CXX_LIBRARY = "libc++";
				CLANG_ENABLE_MODULES = YES;
				CLANG_ENABLE_OBJC_ARC = YES;
				CLANG_WARN_BOOL_CONVERSION = YES;
				CLANG_WARN_CONSTANT_CONVERSION = YES;
				CLANG_WARN_DIRECT_OBJC_ISA_USAGE = YES_ERROR;
				CLANG_WARN_EMPTY_BODY = YES;
				CLANG_WARN_ENUM_CONVERSION = YES;
				CLANG_WARN_INT_CONVERSION = YES;
				CLANG_WARN_OBJC_ROOT_CLASS = YES_ERROR;
				CLANG_WARN_UNREACHABLE_CODE = YES;
				CLANG_WARN__DUPLICATE_METHOD_MATCH = YES;
				"CODE_SIGN_IDENTITY[sdk=iphoneos*]" = "iPhone Developer";
				COPY_PHASE_STRIP = NO;
				DEBUG_INFORMATION_FORMAT = "dwarf-with-dsym";
				ENABLE_STRICT_OBJC_MSGSEND = YES;
				GCC_C_LANGUAGE_STANDARD = gnu99;
				GCC_DYNAMIC_NO_PIC = NO;
				GCC_NO_COMMON_BLOCKS = YES;
				GCC_OPTIMIZATION_LEVEL = 0;
				GCC_PREPROCESSOR_DEFINITIONS = (
					"DEBUG=1",
					"$(inherited)",
				);
				GCC_SYMBOLS_PRIVATE_EXTERN = NO;
				GCC_WARN_64_TO_32_BIT_CONVERSION = YES;
				GCC_WARN_ABOUT_RETURN_TYPE = YES_ERROR;
				GCC_WARN_UNDECLARED_SELECTOR = YES;
				GCC_WARN_UNINITIALIZED_AUTOS = YES_AGGRESSIVE;
				GCC_WARN_UNUSED_FUNCTION = YES;
				GCC_WARN_UNUSED_VARIABLE = YES;
				IPHONEOS_DEPLOYMENT_TARGET = 8.3;
				MTL_ENABLE_DEBUG_INFO = YES;
				ONLY_ACTIVE_ARCH = YES;
				SDKROOT = iphoneos;
			};
			name = Debug;
		};
		E51DE4C91B19E44800EE24D2 /* Release */ = {
			isa = XCBuildConfiguration;
			buildSettings = {
				ALWAYS_SEARCH_USER_PATHS = NO;
				CLANG_CXX_LANGUAGE_STANDARD = "gnu++0x";
				CLANG_CXX_LIBRARY = "libc++";
				CLANG_ENABLE_MODULES = YES;
				CLANG_ENABLE_OBJC_ARC = YES;
				CLANG_WARN_BOOL_CONVERSION = YES;
				CLANG_WARN_CONSTANT_CONVERSION = YES;
				CLANG_WARN_DIRECT_OBJC_ISA_USAGE = YES_ERROR;
				CLANG_WARN_EMPTY_BODY = YES;
				CLANG_WARN_ENUM_CONVERSION = YES;
				CLANG_WARN_INT_CONVERSION = YES;
				CLANG_WARN_OBJC_ROOT_CLASS = YES_ERROR;
				CLANG_WARN_UNREACHABLE_CODE = YES;
				CLANG_WARN__DUPLICATE_METHOD_MATCH = YES;
				"CODE_SIGN_IDENTITY[sdk=iphoneos*]" = "iPhone Developer";
				COPY_PHASE_STRIP = NO;
				DEBUG_INFORMATION_FORMAT = "dwarf-with-dsym";
				ENABLE_NS_ASSERTIONS = NO;
				ENABLE_STRICT_OBJC_MSGSEND = YES;
				GCC_C_LANGUAGE_STANDARD = gnu99;
				GCC_NO_COMMON_BLOCKS = YES;
				GCC_WARN_64_TO_32_BIT_CONVERSION = YES;
				GCC_WARN_ABOUT_RETURN_TYPE = YES_ERROR;
				GCC_WARN_UNDECLARED_SELECTOR = YES;
				GCC_WARN_UNINITIALIZED_AUTOS = YES_AGGRESSIVE;
				GCC_WARN_UNUSED_FUNCTION = YES;
				GCC_WARN_UNUSED_VARIABLE = YES;
				IPHONEOS_DEPLOYMENT_TARGET = 8.3;
				MTL_ENABLE_DEBUG_INFO = NO;
				SDKROOT = iphoneos;
				VALIDATE_PRODUCT = YES;
			};
			name = Release;
		};
		E51DE4CB1B19E44800EE24D2 /* Debug */ = {
			isa = XCBuildConfiguration;
			buildSettings = {
				ASSETCATALOG_COMPILER_APPICON_NAME = AppIcon;
				INFOPLIST_FILE = Demo_TextKitPaging/Info.plist;
				LD_RUNPATH_SEARCH_PATHS = "$(inherited) @executable_path/Frameworks";
				PRODUCT_NAME = "$(TARGET_NAME)";
			};
			name = Debug;
		};
		E51DE4CC1B19E44800EE24D2 /* Release */ = {
			isa = XCBuildConfiguration;
			buildSettings = {
				ASSETCATALOG_COMPILER_APPICON_NAME = AppIcon;
				INFOPLIST_FILE = Demo_TextKitPaging/Info.plist;
				LD_RUNPATH_SEARCH_PATHS = "$(inherited) @executable_path/Frameworks";
				PRODUCT_NAME = "$(TARGET_NAME)";
			};
			name = Release;
		};
		E51DE4CE1B19E44800EE24D2 /* Debug */ = {
			isa = XCBuildConfiguration;
			buildSettings = {
				BUNDLE_LOADER = "$(TEST_HOST)";
				FRAMEWORK_SEARCH_PATHS = (
					"$(SDKROOT)/Developer/Library/Frameworks",
					"$(inherited)",
				);
				GCC_PREPROCESSOR_DEFINITIONS = (
					"DEBUG=1",
					"$(inherited)",
				);
				INFOPLIST_FILE = Demo_TextKitPagingTests/Info.plist;
				LD_RUNPATH_SEARCH_PATHS = "$(inherited) @executable_path/Frameworks @loader_path/Frameworks";
				PRODUCT_NAME = "$(TARGET_NAME)";
				TEST_HOST = "$(BUILT_PRODUCTS_DIR)/Demo_TextKitPaging.app/Demo_TextKitPaging";
			};
			name = Debug;
		};
		E51DE4CF1B19E44800EE24D2 /* Release */ = {
			isa = XCBuildConfiguration;
			buildSettings = {
				BUNDLE_LOADER = "$(TEST_HOST)";
				FRAMEWORK_SEARCH_PATHS = (
					"$(SDKROOT)/Developer/Library/Frameworks",
					"$(inherited)",
				);
				INFOPLIST_FILE = Demo_TextKitPagingTests/Info.plist;
				LD_RUNPATH_SEARCH_PATHS = "$(inherited) @executable_path/Frameworks @loader_path/Frameworks";
				PRODUCT_NAME = "$(TARGET_NAME)";
				TEST_HOST = "$(BUILT_PRODUCTS_DIR)/Demo_TextKitPaging.app/Demo_TextKitPaging";
			};
			name = Release;
		};
/* End XCBuildConfiguration section */

/* Begin XCConfigurationList section */
		E51DE4A81B19E44700EE24D2 /* Build configuration list for PBXProject "Demo_TextKitPaging" */ = {
			isa = XCConfigurationList;
			buildConfigurations = (
				E51DE4C81B19E44800EE24D2 /* Debug */,
				E51DE4C91B19E44800EE24D2 /* Release */,
			);
			defaultConfigurationIsVisible = 0;
			defaultConfigurationName = Release;
		};
		E51DE4CA1B19E44800EE24D2 /* Build configuration list for PBXNativeTarget "Demo_TextKitPaging" */ = {
			isa = XCConfigurationList;
			buildConfigurations = (
				E51DE4CB1B19E44800EE24D2 /* Debug */,
				E51DE4CC1B19E44800EE24D2 /* Release */,
			);
			defaultConfigurationIsVisible = 0;
		};
		E51DE4CD1B19E44800EE24D2 /* Build configuration list for PBXNativeTarget "Demo_TextKitPagingTests" */ = {
			isa = XCConfigurationList;
			buildConfigurations = (
				E51DE4CE1B19E44800EE24D2 /* Debug */,
				E51DE4CF1B19E44800EE24D2 /* Release */,
			);
			defaultConfigurationIsVisible = 0;
		};
/* End XCConfigurationList section */
	};
	rootObject = E51DE4A51B19E44700EE24D2 /* Project object */;
}
